
Microsoft Visual Studio Solution File, Format Version 12.00
# Visual Studio Version 16
VisualStudioVersion = 16.0.31112.23
MinimumVisualStudioVersion = 10.0.40219.1
Project("{FAE04EC0-301F-11D3-BF4B-00C04F79EFBC}") = "TimeTable", "TimeTable\TimeTable.csproj", "{12D45ED4-C879-4A75-B68E-8D3F628B14CC}"
EndProject
Global
	GlobalSection(SolutionConfigurationPlatforms) = preSolution
		Debug|Any CPU = Debug|Any CPU
		Release|Any CPU = Release|Any CPU
	EndGlobalSection
	GlobalSection(ProjectConfigurationPlatforms) = postSolution
		{12D45ED4-C879-4A75-B68E-8D3F628B14CC}.Debug|Any CPU.ActiveCfg = Debug|Any CPU
		{12D45ED4-C879-4A75-B68E-8D3F628B14CC}.Debug|Any CPU.Build.0 = Debug|Any CPU
		{12D45ED4-C879-4A75-B68E-8D3F628B14CC}.Release|Any CPU.ActiveCfg = Release|Any CPU
		{12D45ED4-C879-4A75-B68E-8D3F628B14CC}.Release|Any CPU.Build.0 = Release|Any CPU
	EndGlobalSection
	GlobalSection(SolutionProperties) = preSolution
		HideSolutionNode = FALSE
	EndGlobalSection
	GlobalSection(ExtensibilityGlobals) = postSolution
		SolutionGuid = {C7ABF3CC-2959-4868-B676-605BE470582E}
	EndGlobalSection
EndGlobal
